{"1.2.0",
[{<<"backoff">>,{pkg,<<"backoff">>,<<"1.1.6">>},1},
 {<<"cowboy">>,{pkg,<<"cowboy">>,<<"2.11.0">>},0},
 {<<"cowlib">>,{pkg,<<"cowlib">>,<<"2.12.1">>},1},
 {<<"opentelemetry_api">>,{pkg,<<"opentelemetry_api">>,<<"1.2.2">>},1},
 {<<"opentelemetry_semantic_conventions">>,
  {pkg,<<"opentelemetry_semantic_conventions">>,<<"0.2.0">>},
  2},
 {<<"pg_types">>,{pkg,<<"pg_types">>,<<"0.4.0">>},1},
 {<<"pgo">>,{pkg,<<"pgo">>,<<"0.14.0">>},0},
 {<<"ranch">>,{pkg,<<"ranch">>,<<"1.8.0">>},1}]}.
[
{pkg_hash,[
 {<<"backoff">>, <<"83B72ED2108BA1EE8F7D1C22E0B4A00CFE3593A67DBC792799E8CCE9F42F796B">>},
 {<<"cowboy">>, <<"356BF784599CF6F2CDC6AD12FDCFB8413C2D35DAB58404CF000E1FEAED3F5645">>},
 {<<"cowlib">>, <<"A9FA9A625F1D2025FE6B462CB865881329B5CAFF8F1854D1CBC9F9533F00E1E1">>},
 {<<"opentelemetry_api">>, <<"693F47B0D8C76DA2095FE858204CFD6350C27FE85D00E4B763DEECC9588CF27A">>},
 {<<"opentelemetry_semantic_conventions">>, <<"B67FE459C2938FCAB341CB0951C44860C62347C005ACE1B50F8402576F241435">>},
 {<<"pg_types">>, <<"3CE365C92903C5BB59C0D56382D842C8C610C1B6F165E20C4B652C96FA7E9C14">>},
 {<<"pgo">>, <<"F53711D103D7565DB6FC6061FCF4FF1007AB39892439BE1BB02D9F686D7E6663">>},
 {<<"ranch">>, <<"8C7A100A139FD57F17327B6413E4167AC559FBC04CA7448E9BE9057311597A1D">>}]},
{pkg_hash_ext,[
 {<<"backoff">>, <<"CF0CFFF8995FB20562F822E5CC47D8CCF664C5ECDC26A684CBE85C225F9D7C39">>},
 {<<"cowboy">>, <<"0FA395437F1B0E104E0E00999F39D2AC5F4082AC5049B67A5B6D56ECC31B1403">>},
 {<<"cowlib">>, <<"163B73F6367A7341B33C794C4E88E7DBFE6498AC42DCD69EF44C5BC5507C8DB0">>},
 {<<"opentelemetry_api">>, <<"DC77B9A00F137A858E60A852F14007BB66EDA1FFBEB6C05D5FE6C9E678B05E9D">>},
 {<<"opentelemetry_semantic_conventions">>, <<"D61FA1F5639EE8668D74B527E6806E0503EFC55A42DB7B5F39939D84C07D6895">>},
 {<<"pg_types">>, <<"B02EFA785CAECECF9702C681C80A9CA12A39F9161A846CE17B01FB20AEEED7EB">>},
 {<<"pgo">>, <<"71016C22599936E042DC0012EE4589D24C71427D266292F775EBF201D97DF9C9">>},
 {<<"ranch">>, <<"49FBCFD3682FAB1F5D109351B61257676DA1A2FDBE295904176D5E521A2DDFE5">>}]}
].
